{ "name": "personal-website", "version": "0.0.1", "lockfileVersion": 3, "requires": true, "packages": { "": { "name": "personal-website", "version": "0.0.1", "private": true, "dependencies": { "react": "^18.2.0", "react-dom": "^18.2.0" }, "devDependencies": { "@vitejs/plugin-react": "^4.0.0", "tailwindcss": "^3.3.0", "postcss": "^8.4.0", "autoprefixer": "^10.4.0", "vite": "^4.4.9" } } }, "dependencies": { "react": { "version": "18.2.0", "resolved": "<resolved-tarball-url-for-react-18.2.0>", "integrity": "<sha512-or-sha1-hash-for-react-18.2.0>" }, "react-dom": { "version": "18.2.0", "resolved": "<resolved-tarball-url-for-react-dom-18.2.0>", "integrity": "<sha512-or-sha1-hash-for-react-dom-18.2.0>" }, "@vitejs/plugin-react": { "version": "4.0.0", "resolved": "<resolved-tarball-url-for-plugin-react-4.0.0>", "integrity": "<hash>" }, "tailwindcss": { "version": "3.3.0", "resolved": "<resolved-tarball-url-for-tailwindcss-3.3.0>", "integrity": "<hash>" }, "postcss": { "version": "8.4.0", "resolved": "<resolved-tarball-url-for-postcss-8.4.0>", "integrity": "<hash>" }, "autoprefixer": { "version": "10.4.0", "resolved": "<resolved-tarball-url-for-autoprefixer-10.4.0>", "integrity": "<hash>" }, "vite": { "version": "4.4.9", "resolved": "<resolved-tarball-url-for-vite-4.4.9>", "integrity": "<hash>" } } }